
Microsoft Visual Studio Solution File, Format Version 12.00
# Visual Studio Version 16
VisualStudioVersion = 16.0.29230.47
MinimumVisualStudioVersion = 10.0.40219.1
Project("{FAE04EC0-301F-11D3-BF4B-00C04F79EFBC}") = "NEWSimplified21LinhH", "NEWSimplified21LinhH\NEWSimplified21LinhH.csproj", "{31B1F945-105F-4EDC-9A23-6C8F97538240}"
EndProject
Global
	GlobalSection(SolutionConfigurationPlatforms) = preSolution
		Debug|Any CPU = Debug|Any CPU
		Release|Any CPU = Release|Any CPU
	EndGlobalSection
	GlobalSection(ProjectConfigurationPlatforms) = postSolution
		{31B1F945-105F-4EDC-9A23-6C8F97538240}.Debug|Any CPU.ActiveCfg = Debug|Any CPU
		{31B1F945-105F-4EDC-9A23-6C8F97538240}.Debug|Any CPU.Build.0 = Debug|Any CPU
		{31B1F945-105F-4EDC-9A23-6C8F97538240}.Release|Any CPU.ActiveCfg = Release|Any CPU
		{31B1F945-105F-4EDC-9A23-6C8F97538240}.Release|Any CPU.Build.0 = Release|Any CPU
	EndGlobalSection
	GlobalSection(SolutionProperties) = preSolution
		HideSolutionNode = FALSE
	EndGlobalSection
	GlobalSection(ExtensibilityGlobals) = postSolution
		SolutionGuid = {5C6694CE-C1AC-451A-97B9-1CC4F1F1B42F}
	EndGlobalSection
EndGlobal
