
Microsoft Visual Studio Solution File, Format Version 12.00
# Visual Studio Version 16
VisualStudioVersion = 16.0.29230.47
MinimumVisualStudioVersion = 10.0.40219.1
Project("{FAE04EC0-301F-11D3-BF4B-00C04F79EFBC}") = "FallingObjectsLinhH", "FallingObjectsLinhH\FallingObjectsLinhH.csproj", "{8C872808-779A-4CC9-A6ED-BC1136A6DBF0}"
EndProject
Global
	GlobalSection(SolutionConfigurationPlatforms) = preSolution
		Debug|Any CPU = Debug|Any CPU
		Release|Any CPU = Release|Any CPU
	EndGlobalSection
	GlobalSection(ProjectConfigurationPlatforms) = postSolution
		{8C872808-779A-4CC9-A6ED-BC1136A6DBF0}.Debug|Any CPU.ActiveCfg = Debug|Any CPU
		{8C872808-779A-4CC9-A6ED-BC1136A6DBF0}.Debug|Any CPU.Build.0 = Debug|Any CPU
		{8C872808-779A-4CC9-A6ED-BC1136A6DBF0}.Release|Any CPU.ActiveCfg = Release|Any CPU
		{8C872808-779A-4CC9-A6ED-BC1136A6DBF0}.Release|Any CPU.Build.0 = Release|Any CPU
	EndGlobalSection
	GlobalSection(SolutionProperties) = preSolution
		HideSolutionNode = FALSE
	EndGlobalSection
	GlobalSection(ExtensibilityGlobals) = postSolution
		SolutionGuid = {3CF83505-66EE-477C-8C38-44788907EADF}
	EndGlobalSection
EndGlobal
